
Microsoft Visual Studio Solution File, Format Version 12.00
# Visual Studio 2012
Project("{FAE04EC0-301F-11D3-BF4B-00C04F79EFBC}") = "Lab02", "Lab02.csproj", "{B9199E7E-3058-4341-AAF0-8FC1D3291519}"
EndProject
Project("{FAE04EC0-301F-11D3-BF4B-00C04F79EFBC}") = "Unit_Test_Roots", "..\Unit_Test_Roots\Unit_Test_Roots.csproj", "{6815DE1A-5000-4B7B-83EB-BF434BE8B2AD}"
EndProject
Global
	GlobalSection(SolutionConfigurationPlatforms) = preSolution
		Debug|Any CPU = Debug|Any CPU
		Release|Any CPU = Release|Any CPU
	EndGlobalSection
	GlobalSection(ProjectConfigurationPlatforms) = postSolution
		{B9199E7E-3058-4341-AAF0-8FC1D3291519}.Debug|Any CPU.ActiveCfg = Debug|Any CPU
		{B9199E7E-3058-4341-AAF0-8FC1D3291519}.Debug|Any CPU.Build.0 = Debug|Any CPU
		{B9199E7E-3058-4341-AAF0-8FC1D3291519}.Release|Any CPU.ActiveCfg = Release|Any CPU
		{B9199E7E-3058-4341-AAF0-8FC1D3291519}.Release|Any CPU.Build.0 = Release|Any CPU
		{6815DE1A-5000-4B7B-83EB-BF434BE8B2AD}.Debug|Any CPU.ActiveCfg = Debug|Any CPU
		{6815DE1A-5000-4B7B-83EB-BF434BE8B2AD}.Debug|Any CPU.Build.0 = Debug|Any CPU
		{6815DE1A-5000-4B7B-83EB-BF434BE8B2AD}.Release|Any CPU.ActiveCfg = Release|Any CPU
		{6815DE1A-5000-4B7B-83EB-BF434BE8B2AD}.Release|Any CPU.Build.0 = Release|Any CPU
	EndGlobalSection
	GlobalSection(SolutionProperties) = preSolution
		HideSolutionNode = FALSE
	EndGlobalSection
EndGlobal
